// !$*UTF8*$!
{
	archiveVersion = 1;
	classes = {
	};
	objectVersion = 56;
	objects = {

/* Begin PBXBuildFile section */
		AB2A439F2A8E48B90007DB73 /* PokeDexApp.swift in Sources */ = {isa = PBXBuildFile; fileRef = AB2A439E2A8E48B90007DB73 /* PokeDexApp.swift */; };
		AB2A43A12A8E48B90007DB73 /* PokedexView.swift in Sources */ = {isa = PBXBuildFile; fileRef = AB2A43A02A8E48B90007DB73 /* PokedexView.swift */; };
		AB2A43A32A8E48BC0007DB73 /* Assets.xcassets in Resources */ = {isa = PBXBuildFile; fileRef = AB2A43A22A8E48BC0007DB73 /* Assets.xcassets */; };
		AB2A43A62A8E48BC0007DB73 /* Preview Assets.xcassets in Resources */ = {isa = PBXBuildFile; fileRef = AB2A43A52A8E48BC0007DB73 /* Preview Assets.xcassets */; };
		AB2A43B02A8E4A0B0007DB73 /* View+extensions.swift in Sources */ = {isa = PBXBuildFile; fileRef = AB2A43AF2A8E4A0B0007DB73 /* View+extensions.swift */; };
		AB2A43B42A8E4A420007DB73 /* UIStrings.swift in Sources */ = {isa = PBXBuildFile; fileRef = AB2A43B32A8E4A420007DB73 /* UIStrings.swift */; };
		AB2A43B62A8E4A620007DB73 /* Color+extensions.swift in Sources */ = {isa = PBXBuildFile; fileRef = AB2A43B52A8E4A620007DB73 /* Color+extensions.swift */; };
		AB2A43B82A8E4A910007DB73 /* PokeLoadingIndicator.swift in Sources */ = {isa = PBXBuildFile; fileRef = AB2A43B72A8E4A910007DB73 /* PokeLoadingIndicator.swift */; };
		AB2A43BA2A8E4AB10007DB73 /* Localizable.strings in Resources */ = {isa = PBXBuildFile; fileRef = AB2A43B92A8E4AB10007DB73 /* Localizable.strings */; };
		AB2A43BC2A8E72B60007DB73 /* NetworkManager.swift in Sources */ = {isa = PBXBuildFile; fileRef = AB2A43BB2A8E72B60007DB73 /* NetworkManager.swift */; };
		AB2A43BF2A8E99240007DB73 /* API.swift in Sources */ = {isa = PBXBuildFile; fileRef = AB2A43BE2A8E99240007DB73 /* API.swift */; };
		AB2A43C22A8E9E800007DB73 /* Pokedex.swift in Sources */ = {isa = PBXBuildFile; fileRef = AB2A43C12A8E9E800007DB73 /* Pokedex.swift */; };
		AB2A43C42A8E9EC80007DB73 /* Pokemon.swift in Sources */ = {isa = PBXBuildFile; fileRef = AB2A43C32A8E9EC80007DB73 /* Pokemon.swift */; };
		AB2A43C62A8EA3520007DB73 /* Abilities.swift in Sources */ = {isa = PBXBuildFile; fileRef = AB2A43C52A8EA3520007DB73 /* Abilities.swift */; };
		AB2A43CA2A8EB1BA0007DB73 /* HomeViewModel.swift in Sources */ = {isa = PBXBuildFile; fileRef = AB2A43C92A8EB1BA0007DB73 /* HomeViewModel.swift */; };
/* End PBXBuildFile section */

/* Begin PBXFileReference section */
		AB2A439B2A8E48B90007DB73 /* PokeDex.app */ = {isa = PBXFileReference; explicitFileType = wrapper.application; includeInIndex = 0; path = PokeDex.app; sourceTree = BUILT_PRODUCTS_DIR; };
		AB2A439E2A8E48B90007DB73 /* PokeDexApp.swift */ = {isa = PBXFileReference; lastKnownFileType = sourcecode.swift; path = PokeDexApp.swift; sourceTree = "<group>"; };
		AB2A43A02A8E48B90007DB73 /* PokedexView.swift */ = {isa = PBXFileReference; lastKnownFileType = sourcecode.swift; path = PokedexView.swift; sourceTree = "<group>"; };
		AB2A43A22A8E48BC0007DB73 /* Assets.xcassets */ = {isa = PBXFileReference; lastKnownFileType = folder.assetcatalog; path = Assets.xcassets; sourceTree = "<group>"; };
		AB2A43A52A8E48BC0007DB73 /* Preview Assets.xcassets */ = {isa = PBXFileReference; lastKnownFileType = folder.assetcatalog; path = "Preview Assets.xcassets"; sourceTree = "<group>"; };
		AB2A43AF2A8E4A0B0007DB73 /* View+extensions.swift */ = {isa = PBXFileReference; lastKnownFileType = sourcecode.swift; path = "View+extensions.swift"; sourceTree = "<group>"; };
		AB2A43B32A8E4A420007DB73 /* UIStrings.swift */ = {isa = PBXFileReference; lastKnownFileType = sourcecode.swift; path = UIStrings.swift; sourceTree = "<group>"; };
		AB2A43B52A8E4A620007DB73 /* Color+extensions.swift */ = {isa = PBXFileReference; lastKnownFileType = sourcecode.swift; path = "Color+extensions.swift"; sourceTree = "<group>"; };
		AB2A43B72A8E4A910007DB73 /* PokeLoadingIndicator.swift */ = {isa = PBXFileReference; lastKnownFileType = sourcecode.swift; path = PokeLoadingIndicator.swift; sourceTree = "<group>"; };
		AB2A43B92A8E4AB10007DB73 /* Localizable.strings */ = {isa = PBXFileReference; lastKnownFileType = text.plist.strings; path = Localizable.strings; sourceTree = "<group>"; };
		AB2A43BB2A8E72B60007DB73 /* NetworkManager.swift */ = {isa = PBXFileReference; lastKnownFileType = sourcecode.swift; path = NetworkManager.swift; sourceTree = "<group>"; };
		AB2A43BE2A8E99240007DB73 /* API.swift */ = {isa = PBXFileReference; lastKnownFileType = sourcecode.swift; path = API.swift; sourceTree = "<group>"; };
		AB2A43C12A8E9E800007DB73 /* Pokedex.swift */ = {isa = PBXFileReference; lastKnownFileType = sourcecode.swift; path = Pokedex.swift; sourceTree = "<group>"; };
		AB2A43C32A8E9EC80007DB73 /* Pokemon.swift */ = {isa = PBXFileReference; lastKnownFileType = sourcecode.swift; path = Pokemon.swift; sourceTree = "<group>"; };
		AB2A43C52A8EA3520007DB73 /* Abilities.swift */ = {isa = PBXFileReference; lastKnownFileType = sourcecode.swift; path = Abilities.swift; sourceTree = "<group>"; };
		AB2A43C92A8EB1BA0007DB73 /* HomeViewModel.swift */ = {isa = PBXFileReference; lastKnownFileType = sourcecode.swift; path = HomeViewModel.swift; sourceTree = "<group>"; };
/* End PBXFileReference section */

/* Begin PBXFrameworksBuildPhase section */
		AB2A43982A8E48B90007DB73 /* Frameworks */ = {
			isa = PBXFrameworksBuildPhase;
			buildActionMask = 2147483647;
			files = (
			);
			runOnlyForDeploymentPostprocessing = 0;
		};
/* End PBXFrameworksBuildPhase section */

/* Begin PBXGroup section */
		AB2A43922A8E48B90007DB73 = {
			isa = PBXGroup;
			children = (
				AB2A439D2A8E48B90007DB73 /* PokeDex */,
				AB2A439C2A8E48B90007DB73 /* Products */,
			);
			sourceTree = "<group>";
		};
		AB2A439C2A8E48B90007DB73 /* Products */ = {
			isa = PBXGroup;
			children = (
				AB2A439B2A8E48B90007DB73 /* PokeDex.app */,
			);
			name = Products;
			sourceTree = "<group>";
		};
		AB2A439D2A8E48B90007DB73 /* PokeDex */ = {
			isa = PBXGroup;
			children = (
				AB2A43C72A8EACAC0007DB73 /* Home */,
				AB2A43BD2A8E97080007DB73 /* Network */,
				AB2A43B22A8E4A320007DB73 /* Localisation */,
				AB2A43B12A8E4A210007DB73 /* Utils */,
				AB2A439E2A8E48B90007DB73 /* PokeDexApp.swift */,
				AB2A43A22A8E48BC0007DB73 /* Assets.xcassets */,
				AB2A43A42A8E48BC0007DB73 /* Preview Content */,
			);
			path = PokeDex;
			sourceTree = "<group>";
		};
		AB2A43A42A8E48BC0007DB73 /* Preview Content */ = {
			isa = PBXGroup;
			children = (
				AB2A43A52A8E48BC0007DB73 /* Preview Assets.xcassets */,
			);
			path = "Preview Content";
			sourceTree = "<group>";
		};
		AB2A43AC2A8E49B30007DB73 /* Views */ = {
			isa = PBXGroup;
			children = (
				AB2A43A02A8E48B90007DB73 /* PokedexView.swift */,
				AB2A43B72A8E4A910007DB73 /* PokeLoadingIndicator.swift */,
			);
			path = Views;
			sourceTree = "<group>";
		};
		AB2A43B12A8E4A210007DB73 /* Utils */ = {
			isa = PBXGroup;
			children = (
				AB2A43AF2A8E4A0B0007DB73 /* View+extensions.swift */,
				AB2A43B52A8E4A620007DB73 /* Color+extensions.swift */,
			);
			path = Utils;
			sourceTree = "<group>";
		};
		AB2A43B22A8E4A320007DB73 /* Localisation */ = {
			isa = PBXGroup;
			children = (
				AB2A43B32A8E4A420007DB73 /* UIStrings.swift */,
				AB2A43B92A8E4AB10007DB73 /* Localizable.strings */,
			);
			path = Localisation;
			sourceTree = "<group>";
		};
		AB2A43BD2A8E97080007DB73 /* Network */ = {
			isa = PBXGroup;
			children = (
				AB2A43BB2A8E72B60007DB73 /* NetworkManager.swift */,
				AB2A43BE2A8E99240007DB73 /* API.swift */,
			);
			path = Network;
			sourceTree = "<group>";
		};
		AB2A43C02A8E9E390007DB73 /* Models */ = {
			isa = PBXGroup;
			children = (
				AB2A43C12A8E9E800007DB73 /* Pokedex.swift */,
				AB2A43C52A8EA3520007DB73 /* Abilities.swift */,
				AB2A43C32A8E9EC80007DB73 /* Pokemon.swift */,
			);
			path = Models;
			sourceTree = "<group>";
		};
		AB2A43C72A8EACAC0007DB73 /* Home */ = {
			isa = PBXGroup;
			children = (
				AB2A43C02A8E9E390007DB73 /* Models */,
				AB2A43AC2A8E49B30007DB73 /* Views */,
				AB2A43C82A8EACBE0007DB73 /* ViewModels */,
			);
			path = Home;
			sourceTree = "<group>";
		};
		AB2A43C82A8EACBE0007DB73 /* ViewModels */ = {
			isa = PBXGroup;
			children = (
				AB2A43C92A8EB1BA0007DB73 /* HomeViewModel.swift */,
			);
			path = ViewModels;
			sourceTree = "<group>";
		};
/* End PBXGroup section */

/* Begin PBXNativeTarget section */
		AB2A439A2A8E48B90007DB73 /* PokeDex */ = {
			isa = PBXNativeTarget;
			buildConfigurationList = AB2A43A92A8E48BC0007DB73 /* Build configuration list for PBXNativeTarget "PokeDex" */;
			buildPhases = (
				AB2A43972A8E48B90007DB73 /* Sources */,
				AB2A43982A8E48B90007DB73 /* Frameworks */,
				AB2A43992A8E48B90007DB73 /* Resources */,
			);
			buildRules = (
			);
			dependencies = (
			);
			name = PokeDex;
			productName = PokeDex;
			productReference = AB2A439B2A8E48B90007DB73 /* PokeDex.app */;
			productType = "com.apple.product-type.application";
		};
/* End PBXNativeTarget section */

/* Begin PBXProject section */
		AB2A43932A8E48B90007DB73 /* Project object */ = {
			isa = PBXProject;
			attributes = {
				BuildIndependentTargetsInParallel = 1;
				LastSwiftUpdateCheck = 1430;
				LastUpgradeCheck = 1430;
				TargetAttributes = {
					AB2A439A2A8E48B90007DB73 = {
						CreatedOnToolsVersion = 14.3.1;
					};
				};
			};
			buildConfigurationList = AB2A43962A8E48B90007DB73 /* Build configuration list for PBXProject "PokeDex" */;
			compatibilityVersion = "Xcode 14.0";
			developmentRegion = en;
			hasScannedForEncodings = 0;
			knownRegions = (
				en,
				Base,
			);
			mainGroup = AB2A43922A8E48B90007DB73;
			productRefGroup = AB2A439C2A8E48B90007DB73 /* Products */;
			projectDirPath = "";
			projectRoot = "";
			targets = (
				AB2A439A2A8E48B90007DB73 /* PokeDex */,
			);
		};
/* End PBXProject section */

/* Begin PBXResourcesBuildPhase section */
		AB2A43992A8E48B90007DB73 /* Resources */ = {
			isa = PBXResourcesBuildPhase;
			buildActionMask = 2147483647;
			files = (
				AB2A43A62A8E48BC0007DB73 /* Preview Assets.xcassets in Resources */,
				AB2A43BA2A8E4AB10007DB73 /* Localizable.strings in Resources */,
				AB2A43A32A8E48BC0007DB73 /* Assets.xcassets in Resources */,
			);
			runOnlyForDeploymentPostprocessing = 0;
		};
/* End PBXResourcesBuildPhase section */

/* Begin PBXSourcesBuildPhase section */
		AB2A43972A8E48B90007DB73 /* Sources */ = {
			isa = PBXSourcesBuildPhase;
			buildActionMask = 2147483647;
			files = (
				AB2A43A12A8E48B90007DB73 /* PokedexView.swift in Sources */,
				AB2A43C62A8EA3520007DB73 /* Abilities.swift in Sources */,
				AB2A43B02A8E4A0B0007DB73 /* View+extensions.swift in Sources */,
				AB2A43B42A8E4A420007DB73 /* UIStrings.swift in Sources */,
				AB2A43BC2A8E72B60007DB73 /* NetworkManager.swift in Sources */,
				AB2A43B62A8E4A620007DB73 /* Color+extensions.swift in Sources */,
				AB2A43C42A8E9EC80007DB73 /* Pokemon.swift in Sources */,
				AB2A43CA2A8EB1BA0007DB73 /* HomeViewModel.swift in Sources */,
				AB2A439F2A8E48B90007DB73 /* PokeDexApp.swift in Sources */,
				AB2A43BF2A8E99240007DB73 /* API.swift in Sources */,
				AB2A43B82A8E4A910007DB73 /* PokeLoadingIndicator.swift in Sources */,
				AB2A43C22A8E9E800007DB73 /* Pokedex.swift in Sources */,
			);
			runOnlyForDeploymentPostprocessing = 0;
		};
/* End PBXSourcesBuildPhase section */

/* Begin XCBuildConfiguration section */
		AB2A43A72A8E48BC0007DB73 /* Debug */ = {
			isa = XCBuildConfiguration;
			buildSettings = {
				ALWAYS_SEARCH_USER_PATHS = NO;
				CLANG_ANALYZER_NONNULL = YES;
				CLANG_ANALYZER_NUMBER_OBJECT_CONVERSION = YES_AGGRESSIVE;
				CLANG_CXX_LANGUAGE_STANDARD = "gnu++20";
				CLANG_ENABLE_MODULES = YES;
				CLANG_ENABLE_OBJC_ARC = YES;
				CLANG_ENABLE_OBJC_WEAK = YES;
				CLANG_WARN_BLOCK_CAPTURE_AUTORELEASING = YES;
				CLANG_WARN_BOOL_CONVERSION = YES;
				CLANG_WARN_COMMA = YES;
				CLANG_WARN_CONSTANT_CONVERSION = YES;
				CLANG_WARN_DEPRECATED_OBJC_IMPLEMENTATIONS = YES;
				CLANG_WARN_DIRECT_OBJC_ISA_USAGE = YES_ERROR;
				CLANG_WARN_DOCUMENTATION_COMMENTS = YES;
				CLANG_WARN_EMPTY_BODY = YES;
				CLANG_WARN_ENUM_CONVERSION = YES;
				CLANG_WARN_INFINITE_RECURSION = YES;
				CLANG_WARN_INT_CONVERSION = YES;
				CLANG_WARN_NON_LITERAL_NULL_CONVERSION = YES;
				CLANG_WARN_OBJC_IMPLICIT_RETAIN_SELF = YES;
				CLANG_WARN_OBJC_LITERAL_CONVERSION = YES;
				CLANG_WARN_OBJC_ROOT_CLASS = YES_ERROR;
				CLANG_WARN_QUOTED_INCLUDE_IN_FRAMEWORK_HEADER = YES;
				CLANG_WARN_RANGE_LOOP_ANALYSIS = YES;
				CLANG_WARN_STRICT_PROTOTYPES = YES;
				CLANG_WARN_SUSPICIOUS_MOVE = YES;
				CLANG_WARN_UNGUARDED_AVAILABILITY = YES_AGGRESSIVE;
				CLANG_WARN_UNREACHABLE_CODE = YES;
				CLANG_WARN__DUPLICATE_METHOD_MATCH = YES;
				COPY_PHASE_STRIP = NO;
				DEBUG_INFORMATION_FORMAT = dwarf;
				ENABLE_STRICT_OBJC_MSGSEND = YES;
				ENABLE_TESTABILITY = YES;
				GCC_C_LANGUAGE_STANDARD = gnu11;
				GCC_DYNAMIC_NO_PIC = NO;
				GCC_NO_COMMON_BLOCKS = YES;
				GCC_OPTIMIZATION_LEVEL = 0;
				GCC_PREPROCESSOR_DEFINITIONS = (
					"DEBUG=1",
					"$(inherited)",
				);
				GCC_WARN_64_TO_32_BIT_CONVERSION = YES;
				GCC_WARN_ABOUT_RETURN_TYPE = YES_ERROR;
				GCC_WARN_UNDECLARED_SELECTOR = YES;
				GCC_WARN_UNINITIALIZED_AUTOS = YES_AGGRESSIVE;
				GCC_WARN_UNUSED_FUNCTION = YES;
				GCC_WARN_UNUSED_VARIABLE = YES;
				IPHONEOS_DEPLOYMENT_TARGET = 16.4;
				MTL_ENABLE_DEBUG_INFO = INCLUDE_SOURCE;
				MTL_FAST_MATH = YES;
				ONLY_ACTIVE_ARCH = YES;
				SDKROOT = iphoneos;
				SWIFT_ACTIVE_COMPILATION_CONDITIONS = DEBUG;
				SWIFT_OPTIMIZATION_LEVEL = "-Onone";
			};
			name = Debug;
		};
		AB2A43A82A8E48BC0007DB73 /* Release */ = {
			isa = XCBuildConfiguration;
			buildSettings = {
				ALWAYS_SEARCH_USER_PATHS = NO;
				CLANG_ANALYZER_NONNULL = YES;
				CLANG_ANALYZER_NUMBER_OBJECT_CONVERSION = YES_AGGRESSIVE;
				CLANG_CXX_LANGUAGE_STANDARD = "gnu++20";
				CLANG_ENABLE_MODULES = YES;
				CLANG_ENABLE_OBJC_ARC = YES;
				CLANG_ENABLE_OBJC_WEAK = YES;
				CLANG_WARN_BLOCK_CAPTURE_AUTORELEASING = YES;
				CLANG_WARN_BOOL_CONVERSION = YES;
				CLANG_WARN_COMMA = YES;
				CLANG_WARN_CONSTANT_CONVERSION = YES;
				CLANG_WARN_DEPRECATED_OBJC_IMPLEMENTATIONS = YES;
				CLANG_WARN_DIRECT_OBJC_ISA_USAGE = YES_ERROR;
				CLANG_WARN_DOCUMENTATION_COMMENTS = YES;
				CLANG_WARN_EMPTY_BODY = YES;
				CLANG_WARN_ENUM_CONVERSION = YES;
				CLANG_WARN_INFINITE_RECURSION = YES;
				CLANG_WARN_INT_CONVERSION = YES;
				CLANG_WARN_NON_LITERAL_NULL_CONVERSION = YES;
				CLANG_WARN_OBJC_IMPLICIT_RETAIN_SELF = YES;
				CLANG_WARN_OBJC_LITERAL_CONVERSION = YES;
				CLANG_WARN_OBJC_ROOT_CLASS = YES_ERROR;
				CLANG_WARN_QUOTED_INCLUDE_IN_FRAMEWORK_HEADER = YES;
				CLANG_WARN_RANGE_LOOP_ANALYSIS = YES;
				CLANG_WARN_STRICT_PROTOTYPES = YES;
				CLANG_WARN_SUSPICIOUS_MOVE = YES;
				CLANG_WARN_UNGUARDED_AVAILABILITY = YES_AGGRESSIVE;
				CLANG_WARN_UNREACHABLE_CODE = YES;
				CLANG_WARN__DUPLICATE_METHOD_MATCH = YES;
				COPY_PHASE_STRIP = NO;
				DEBUG_INFORMATION_FORMAT = "dwarf-with-dsym";
				ENABLE_NS_ASSERTIONS = NO;
				ENABLE_STRICT_OBJC_MSGSEND = YES;
				GCC_C_LANGUAGE_STANDARD = gnu11;
				GCC_NO_COMMON_BLOCKS = YES;
				GCC_WARN_64_TO_32_BIT_CONVERSION = YES;
				GCC_WARN_ABOUT_RETURN_TYPE = YES_ERROR;
				GCC_WARN_UNDECLARED_SELECTOR = YES;
				GCC_WARN_UNINITIALIZED_AUTOS = YES_AGGRESSIVE;
				GCC_WARN_UNUSED_FUNCTION = YES;
				GCC_WARN_UNUSED_VARIABLE = YES;
				IPHONEOS_DEPLOYMENT_TARGET = 16.4;
				MTL_ENABLE_DEBUG_INFO = NO;
				MTL_FAST_MATH = YES;
				SDKROOT = iphoneos;
				SWIFT_COMPILATION_MODE = wholemodule;
				SWIFT_OPTIMIZATION_LEVEL = "-O";
				VALIDATE_PRODUCT = YES;
			};
			name = Release;
		};
		AB2A43AA2A8E48BC0007DB73 /* Debug */ = {
			isa = XCBuildConfiguration;
			buildSettings = {
				ASSETCATALOG_COMPILER_APPICON_NAME = AppIcon;
				ASSETCATALOG_COMPILER_GLOBAL_ACCENT_COLOR_NAME = AccentColor;
				CODE_SIGN_STYLE = Automatic;
				CURRENT_PROJECT_VERSION = 1;
				DEVELOPMENT_ASSET_PATHS = "\"PokeDex/Preview Content\"";
				DEVELOPMENT_TEAM = NXL5HAM68N;
				ENABLE_PREVIEWS = YES;
				GENERATE_INFOPLIST_FILE = YES;
				INFOPLIST_KEY_UIApplicationSceneManifest_Generation = YES;
				INFOPLIST_KEY_UIApplicationSupportsIndirectInputEvents = YES;
				INFOPLIST_KEY_UILaunchScreen_Generation = YES;
				INFOPLIST_KEY_UISupportedInterfaceOrientations_iPad = "UIInterfaceOrientationPortrait UIInterfaceOrientationPortraitUpsideDown UIInterfaceOrientationLandscapeLeft UIInterfaceOrientationLandscapeRight";
				INFOPLIST_KEY_UISupportedInterfaceOrientations_iPhone = "UIInterfaceOrientationPortrait UIInterfaceOrientationLandscapeLeft UIInterfaceOrientationLandscapeRight";
				LD_RUNPATH_SEARCH_PATHS = (
					"$(inherited)",
					"@executable_path/Frameworks",
				);
				MARKETING_VERSION = 1.0;
				PRODUCT_BUNDLE_IDENTIFIER = com.appshack.PokeDex;
				PRODUCT_NAME = "$(TARGET_NAME)";
				SWIFT_EMIT_LOC_STRINGS = YES;
				SWIFT_VERSION = 5.0;
				TARGETED_DEVICE_FAMILY = "1,2";
			};
			name = Debug;
		};
		AB2A43AB2A8E48BC0007DB73 /* Release */ = {
			isa = XCBuildConfiguration;
			buildSettings = {
				ASSETCATALOG_COMPILER_APPICON_NAME = AppIcon;
				ASSETCATALOG_COMPILER_GLOBAL_ACCENT_COLOR_NAME = AccentColor;
				CODE_SIGN_STYLE = Automatic;
				CURRENT_PROJECT_VERSION = 1;
				DEVELOPMENT_ASSET_PATHS = "\"PokeDex/Preview Content\"";
				DEVELOPMENT_TEAM = NXL5HAM68N;
				ENABLE_PREVIEWS = YES;
				GENERATE_INFOPLIST_FILE = YES;
				INFOPLIST_KEY_UIApplicationSceneManifest_Generation = YES;
				INFOPLIST_KEY_UIApplicationSupportsIndirectInputEvents = YES;
				INFOPLIST_KEY_UILaunchScreen_Generation = YES;
				INFOPLIST_KEY_UISupportedInterfaceOrientations_iPad = "UIInterfaceOrientationPortrait UIInterfaceOrientationPortraitUpsideDown UIInterfaceOrientationLandscapeLeft UIInterfaceOrientationLandscapeRight";
				INFOPLIST_KEY_UISupportedInterfaceOrientations_iPhone = "UIInterfaceOrientationPortrait UIInterfaceOrientationLandscapeLeft UIInterfaceOrientationLandscapeRight";
				LD_RUNPATH_SEARCH_PATHS = (
					"$(inherited)",
					"@executable_path/Frameworks",
				);
				MARKETING_VERSION = 1.0;
				PRODUCT_BUNDLE_IDENTIFIER = com.appshack.PokeDex;
				PRODUCT_NAME = "$(TARGET_NAME)";
				SWIFT_EMIT_LOC_STRINGS = YES;
				SWIFT_VERSION = 5.0;
				TARGETED_DEVICE_FAMILY = "1,2";
			};
			name = Release;
		};
/* End XCBuildConfiguration section */

/* Begin XCConfigurationList section */
		AB2A43962A8E48B90007DB73 /* Build configuration list for PBXProject "PokeDex" */ = {
			isa = XCConfigurationList;
			buildConfigurations = (
				AB2A43A72A8E48BC0007DB73 /* Debug */,
				AB2A43A82A8E48BC0007DB73 /* Release */,
			);
			defaultConfigurationIsVisible = 0;
			defaultConfigurationName = Release;
		};
		AB2A43A92A8E48BC0007DB73 /* Build configuration list for PBXNativeTarget "PokeDex" */ = {
			isa = XCConfigurationList;
			buildConfigurations = (
				AB2A43AA2A8E48BC0007DB73 /* Debug */,
				AB2A43AB2A8E48BC0007DB73 /* Release */,
			);
			defaultConfigurationIsVisible = 0;
			defaultConfigurationName = Release;
		};
/* End XCConfigurationList section */
	};
	rootObject = AB2A43932A8E48B90007DB73 /* Project object */;
}
